# This file is automatically @generated by Cargo.
# It is not intended for manual editing.
version = 3

[[package]]
name = "anyhow"
version = "1.0.104"
source = "registry+https://github.com/rust-lang/crates.io-index"
checksum = "330a5ed07fa54e4702c9d6c4174f74427fc0ef6e214bbd677ae50a5099946470"

[[package]]
name = "xil-api"
version = "0.1.0"

[[package]]
name = "xil-audio"
version = "0.1.0"

[[package]]
name = "xil-cli"
version = "0.1.0"
dependencies = [
 "anyhow",
]

[[package]]
name = "xil-core"
version = "0.1.0"

[[package]]
name = "xil-workers"
version = "0.1.0"
